
Microsoft Visual Studio Solution File, Format Version 12.00
# Visual Studio Version 17
VisualStudioVersion = 17.10.35004.147
MinimumVisualStudioVersion = 10.0.40219.1
Project("{F184B08F-C81C-45F6-A57F-5ABD9991F28F}") = "windows-forms-app", "windows-forms-app\windows-forms-app.vbproj", "{34924A42-907C-447B-AB85-462ACB27FB77}"
EndProject
Global
	GlobalSection(SolutionConfigurationPlatforms) = preSolution
		Debug|Any CPU = Debug|Any CPU
		Release|Any CPU = Release|Any CPU
	EndGlobalSection
	GlobalSection(ProjectConfigurationPlatforms) = postSolution
		{34924A42-907C-447B-AB85-462ACB27FB77}.Debug|Any CPU.ActiveCfg = Debug|Any CPU
		{34924A42-907C-447B-AB85-462ACB27FB77}.Debug|Any CPU.Build.0 = Debug|Any CPU
		{34924A42-907C-447B-AB85-462ACB27FB77}.Release|Any CPU.ActiveCfg = Release|Any CPU
		{34924A42-907C-447B-AB85-462ACB27FB77}.Release|Any CPU.Build.0 = Release|Any CPU
	EndGlobalSection
	GlobalSection(SolutionProperties) = preSolution
		HideSolutionNode = FALSE
	EndGlobalSection
	GlobalSection(ExtensibilityGlobals) = postSolution
		SolutionGuid = {A00ACFAB-0D01-41F0-8CFA-4AEDDBB780C2}
	EndGlobalSection
EndGlobal
